# This file is automatically @generated by Cargo.
# It is not intended for manual editing.
[[package]]
name = "applyinterest"
version = "0.1.0"

[[package]]
name = "multilib"
version = "0.1.0"
dependencies = [
 "applyinterest 0.1.0",
 "neginterest 0.1.0",
 "nointerest 0.1.0",
]

[[package]]
name = "neginterest"
version = "0.1.0"

[[package]]
name = "nointerest"
version = "0.1.0"

